{
  "version": 4,
  "terraform_version": "1.15.5",
  "serial": 7,
  "lineage": "736783ca-6872-92e9-55c6-ca82a9553632",
  "outputs": {
    "certificado_p12_arn": {
      "value": "arn:aws:secretsmanager:us-east-1:238700389543:secret:sri/certificacion/certificado-p12-rVQysL",
      "type": "string"
    },
    "certificado_password_arn": {
      "value": "arn:aws:secretsmanager:us-east-1:238700389543:secret:sri/certificacion/certificado-password-jXcb9O",
      "type": "string"
    },
    "kms_key_arn": {
      "value": "arn:aws:kms:us-east-1:238700389543:key/f3b4f4b1-a920-4305-9bb5-b3bbb337efc5",
      "type": "string"
    }
  },
  "resources": [
    {
      "mode": "managed",
      "type": "aws_kms_alias",
      "name": "sri_secrets",
      "provider": "provider[\"registry.terraform.io/hashicorp/aws\"]",
      "instances": [
        {
          "schema_version": 0,
          "attributes": {
            "arn": "arn:aws:kms:us-east-1:238700389543:alias/sri-secrets",
            "id": "alias/sri-secrets",
            "name": "alias/sri-secrets",
            "name_prefix": "",
            "target_key_arn": "arn:aws:kms:us-east-1:238700389543:key/f3b4f4b1-a920-4305-9bb5-b3bbb337efc5",
            "target_key_id": "f3b4f4b1-a920-4305-9bb5-b3bbb337efc5"
          },
          "sensitive_attributes": [],
          "identity_schema_version": 0,
          "private": "bnVsbA==",
          "dependencies": [
            "aws_kms_key.sri_secrets"
          ]
        }
      ]
    },
    {
      "mode": "managed",
      "type": "aws_kms_key",
      "name": "sri_secrets",
      "provider": "provider[\"registry.terraform.io/hashicorp/aws\"]",
      "instances": [
        {
          "schema_version": 0,
          "attributes": {
            "arn": "arn:aws:kms:us-east-1:238700389543:key/f3b4f4b1-a920-4305-9bb5-b3bbb337efc5",
            "bypass_policy_lockout_safety_check": false,
            "custom_key_store_id": "",
            "customer_master_key_spec": "SYMMETRIC_DEFAULT",
            "deletion_window_in_days": 30,
            "description": "Clave KMS para secrets del SRI Ecuador",
            "enable_key_rotation": true,
            "id": "f3b4f4b1-a920-4305-9bb5-b3bbb337efc5",
            "is_enabled": true,
            "key_id": "f3b4f4b1-a920-4305-9bb5-b3bbb337efc5",
            "key_usage": "ENCRYPT_DECRYPT",
            "multi_region": false,
            "policy": "{\"Id\":\"key-default-1\",\"Statement\":[{\"Action\":\"kms:*\",\"Effect\":\"Allow\",\"Principal\":{\"AWS\":\"arn:aws:iam::238700389543:root\"},\"Resource\":\"*\",\"Sid\":\"Enable IAM User Permissions\"}],\"Version\":\"2012-10-17\"}",
            "rotation_period_in_days": 365,
            "tags": {
              "Ambiente": "certificacion",
              "Proyecto": "billingfact"
            },
            "tags_all": {
              "Ambiente": "certificacion",
              "Proyecto": "billingfact"
            },
            "timeouts": null,
            "xks_key_id": ""
          },
          "sensitive_attributes": [],
          "identity_schema_version": 0,
          "private": "eyJlMmJmYjczMC1lY2FhLTExZTYtOGY4OC0zNDM2M2JjN2M0YzAiOnsiY3JlYXRlIjoxMjAwMDAwMDAwMDB9fQ=="
        }
      ]
    },
    {
      "mode": "managed",
      "type": "aws_secretsmanager_secret",
      "name": "certificado_p12",
      "provider": "provider[\"registry.terraform.io/hashicorp/aws\"]",
      "instances": [
        {
          "schema_version": 0,
          "attributes": {
            "arn": "arn:aws:secretsmanager:us-east-1:238700389543:secret:sri/certificacion/certificado-p12-rVQysL",
            "description": "Certificado de firma electronica SRI Ecuador",
            "force_overwrite_replica_secret": false,
            "id": "arn:aws:secretsmanager:us-east-1:238700389543:secret:sri/certificacion/certificado-p12-rVQysL",
            "kms_key_id": "arn:aws:kms:us-east-1:238700389543:key/f3b4f4b1-a920-4305-9bb5-b3bbb337efc5",
            "name": "sri/certificacion/certificado-p12",
            "name_prefix": "",
            "policy": "",
            "recovery_window_in_days": 30,
            "replica": [],
            "tags": {
              "Ambiente": "certificacion",
              "Proyecto": "billingfact"
            },
            "tags_all": {
              "Ambiente": "certificacion",
              "Proyecto": "billingfact"
            }
          },
          "sensitive_attributes": [],
          "identity_schema_version": 0,
          "private": "bnVsbA==",
          "dependencies": [
            "aws_kms_key.sri_secrets"
          ]
        }
      ]
    },
    {
      "mode": "managed",
      "type": "aws_secretsmanager_secret",
      "name": "certificado_password",
      "provider": "provider[\"registry.terraform.io/hashicorp/aws\"]",
      "instances": [
        {
          "schema_version": 0,
          "attributes": {
            "arn": "arn:aws:secretsmanager:us-east-1:238700389543:secret:sri/certificacion/certificado-password-jXcb9O",
            "description": "Password del certificado .p12 SRI Ecuador",
            "force_overwrite_replica_secret": false,
            "id": "arn:aws:secretsmanager:us-east-1:238700389543:secret:sri/certificacion/certificado-password-jXcb9O",
            "kms_key_id": "arn:aws:kms:us-east-1:238700389543:key/f3b4f4b1-a920-4305-9bb5-b3bbb337efc5",
            "name": "sri/certificacion/certificado-password",
            "name_prefix": "",
            "policy": "",
            "recovery_window_in_days": 30,
            "replica": [],
            "tags": {
              "Ambiente": "certificacion",
              "Proyecto": "billingfact"
            },
            "tags_all": {
              "Ambiente": "certificacion",
              "Proyecto": "billingfact"
            }
          },
          "sensitive_attributes": [],
          "identity_schema_version": 0,
          "private": "bnVsbA==",
          "dependencies": [
            "aws_kms_key.sri_secrets"
          ]
        }
      ]
    },
    {
      "mode": "managed",
      "type": "aws_secretsmanager_secret_version",
      "name": "certificado_p12",
      "provider": "provider[\"registry.terraform.io/hashicorp/aws\"]",
      "instances": [
        {
          "schema_version": 0,
          "attributes": {
            "arn": "arn:aws:secretsmanager:us-east-1:238700389543:secret:sri/certificacion/certificado-p12-rVQysL",
            "has_secret_string_wo": null,
            "id": "arn:aws:secretsmanager:us-east-1:238700389543:secret:sri/certificacion/certificado-p12-rVQysL|terraform-20260701183124311600000003",
            "secret_binary": "MIISYQIBAzCCEh8GCSqGSIb3DQEHAaCCEhAEghIMMIISCDCCDL8GCSqGSIb3DQEHBqCCDLAwggysAgEAMIIMpQYJKoZIhvcNAQcBMBwGCiqGSIb3DQEMAQMwDgQIycW1L0q33J4CAggAgIIMeGbELZveNPyk+FvrdqHDnKZX6WgMImJTw4+T2OSe9AQ3yrVpofeSDI0SyD0Q8zkb6aCZlZ18+VQi2BKPCgdnMN6SpwG270UjZfoxZ8TLITJ9NS98YnpT1fvD3F9Uq3o0hNME74uFtCx5efDc+Q8vjI8zPiWKIbektVCvRjM6hLeyqiF6Mat73x0TgDJ5hkZgxQITAtZ8kCoO0ZhCOjoa6UYxd5kjraTdTS5Op2X0Fkv3mY2veDPXlYo9jWe9t6KW+N73eXYJsT063xeoz2JzluXZKoRFfhenH6RiXkrYYuY5TT0B3pKjY/P4L3RJSHa5hmDbBvp2IwXYJlXhK93sZGn1YpBUX9OOGgPnquRvCgeZzg/gfPUYoQdtmzf0L0R/9Ps1iSFthJITToEaDrToqUo99kzMwr9Xfsyh1wEFREIJl6ALuaDfv8K3nl4i2Vw6NWnW7c7UiPus9ilHWPqdP5mvjS21Qz9/Vh8F/DUE4Ubnh79kKnCuTXaiqcNRctpDvLOiC16i0gctwKI+GL717rs1h2U0gLF8ovjoDk12OZyJzyATaU62E0ZCx17Ji2jdhEjpF1XJ3pfvjp9jDqAYZb3aJkZ7IyZxR6+qV0JPrKdDI7ZxOP8VdTyOk2fF95UdMMKkMHA/+tDe1OWdqOY+TGUIHnekNJNBg+Hj2Ot8xaX9Vv14zHs9Lf9+Y6rhSkRdxLbYRHA4BDW5QgugE5Dsp8/YUM6nK9h1sOijg3AF57dFvq6ZFzTfXhhCQo9IgD5Qy3sGaNcj/BL2Z9ZIxVdXLu4PaZrEvroEb8KMVBmytIQKoDCBX/TKPG5QCV8mz0taTyOEd11WMn956a6hYXnyzhKPgwbrssLLLiPHuwDyPxr5BKQ4t6FaC9bZrPhsB/hRDkeeEk+4sGETl9kZROxQVbpQV0ysdHSq8P8TnrsTjVJh/cI9Y32rpARvn9MekQuXSk8O083n18iSVVVh0lhtbcGTcg/odRO4kgZiPCRDQ2qMW70nmqQ9MSe2qPtZ4I85EhQvk1B9g7pZY1yZ1EWyK1RXPuOw0659uWR7LmoEQGAO3OasPk9PimL6XUgPGdTrBizxwqWM7pSG4atO/BvJ5VXKKP71We3JypLWoruxu95OaUk3Yf2WbhcZD4/UlPamZ+31LFE+v1CORr0hb2w/1oNLwuI7twyT+zF6/iIF3yVMELd9WHIjODV4EulYITRs5zqzDh4gOjVlruW32DHC8GBhcjnQwiEcJsSD1sHKt1JSHOkxI29Ve5OVmFrU8M5fRBA5owEuz6uqZvzg+p3QaA0k5oIzkyiI30NpXNYkfOOHiv5ci/KZ/lJai/Jugi7xenAqxGgFVsXaWYX3ZJw8oYJfYRe674hkesMbryYhrgyxFdzUuyumbK5OitawQqh+9nlaYVKdyxzd5b1J6A5eMnyaERZhriWzRd1CkidPLhlIdO+A8cJA8ScaMsTBOWa7fU+q1pSrWSsxUrQtlKTa5Pgvr88wUOKIEvAYmnV0Te9fXKA/TVmuXbdGvzlIpQH1xAavfdGXB7JQC4NhVk2gBfqYhJpBNRZZCMdVN/7K6TdnCkQ/tqNUaosPoxYVkqXmtiVGUHMgvyxCS8yO6JCi2SdqBqpSvMZ2NVbE/RRxpkONoCuwn3axvt4TZKqufmkMMWfY60Y7i/pbhZGy8Jl7R7Jh91XtBckpUXptiRP0L5ZbaSQcO5jExDvC5P9JxdVbOonD0h2diSJQ4GK2Z9Aqp3E9O+FT36M2r4UYOleYE7+1G7dk75dIljByosbWAU65lh94gIHUsSHer7ujht3ZeuaXmaFYMZ0K4rEJYc1T126vGbzOxODL1Idd7+YGFf0P5+u49aINJwAaLcotwey656PLUSXXXPUdhl12BvBNuFbItrzdVfEJpSIY5QOV2vHK4nIHYCpDPerDMxfzrVddKiV8yyFu1CXgOX4BBqtCSPM+MCAreQAPC90wAdPYTKz8yU871GY7XeggV/YJ473Xuj5p1hqa2j5J8CwUfew6jyyhO2vXiYC8Exh0Is5BqnfsT7Xdp1i0birxdpLzuz0l1maO8faiya8KyPo2tyLZCbE1TieFNk89f7o/HaJYPcK4JQd61PEisVCHu+nTXZorhyHG2i7cZbge8hREUzyhh4oeAlmxEyxHU7ba1kbH0RXr7mxHtkmXOrEU/bH1wBzTlOLOmPkM4mllfsvGSiLJd2Uk7FL5BbazHRn9NczKdSiIJMep30TLfTBt3EO/QFxCcAzOJ/g27BgXjKieyp6JFYPb/CTwpjJFa78r6wtO82w5csrxCmhW0cU1PKCsmw0vtNPCQ6+3oAW3JF9VkUpkuSLpom5Up1OFzOLMHLb5tiCiqplj2ArVQmVhx2ybPPQYa9zhmAXuFkFCHF4kwb38ESv4zbVfk5xEN8r8kT8IdenknyBJ0Xab/fbHqdeRCDv2h8GObFqiQ7XL+ge8Dhb3DHfl877030d7FMd2I04Zc1RUJEcODQOC2mXee8aW21rjSvu6Bwq0hU5j2nZ1eMbCi2GuEyGME4Dibs/JkqPNISjAPJxH4Dk+yQjuZ/QSSH/W4/SFeyR00tIRBY7CLj4iUjrAMF3W5o0exonhI+FJIItVWH6RU3cM0cUxgclPs6ct2kca2ZPjbClwIdjPQ3W7F91zJlYC1PLYBv7yv/DKljpH8MqMewBW8tn5CuM/BGC2F6c+V3XrEygpQG2xst1+b0GyrjUCoSj6ZxzCXWh7txKFN5gkKmonHkorR8M0UzwzAv3jx5JtEKTiRicmB4e/UVOxYztcAgKZe61RmexW4pKeLCK19nFBdaR0dM4VuvRn9mnKGbeujSk2iDdI/NBdSyCtAlMp4f8KG1dTqfZ02tOwV2ZZxfn3Ya6mmSKt2/MKYN6hhqTb216RP3vQJCAuK0gJ9kIj8qSbNxhzffR3+DNhulBisGQc3iZ+H17UahUSZ878UrEjCVGCMoRJWEjv56923yZ3n2IRCsnIvH4cPm1nBOX0OR6nIOh5UApayVoMz7g49U0RyLoxigb6gYJUDwBwWxBddSCXWFxuM5PbsxLKbQjpN0Aw05y0awEISxdEEwCx8kigiNU5Eb0g1pUnnh0KumQfo0DXhxcfzDeUrQt+EMWkLHpgmQpl/gittjxvHWDObiSShgYQni0TFXVFEEbLWLOVlRzBTt81HnPbZPS8FBynkCFIo62jAu57aX3fFZqo2+aeVSYrjhu9rc/4NjSdTQKiSrXQGDBr1af1t7RncQDVFWpbCnu5dvTqO74ReFIZQlzAmjDcKDPzscLB5HQAGKKSjbwIBuor6GarRWNTPxB4RRqDAWHq3QLb6apOSMxZJkdUwJkLi/t8EQ3x2Z9P3/fJG9CK2JeGO6Y5h9G1uaN5VLaBtfffjYHPX8E338GdTygwWk1/zMlEHOHh69WvaO/JiMoCd4fefu7FZ/2LdxQkeYxK/CTU0hq2CAGtYYqPKk9G7Gbsb1iM4Y31t0zX9NBoizMLokhif9FRvm23SuXmGO3NOLzbJN7grdzQJj6pGP0qKpr2159CmYT7m6KZgKTRHSRo4fkTb7bAHoR+3+N6veSXfzhMhuwT3Tmpthhx9O27qgslWVTi5QIOm6KAKJuc5qtLHetGUPyvbqR0DdWqoDXVqZZwnGALmSBcBlViSrUfmGa9Vzoca5pIvp+gmwPuvllqqgvGQOBXY3NCalf4cV3uiv2TsafXgfG9sCaBfobjWe2zAT819IYBUELWMGkw/C0+RfQUY7B1yh6PPpVSNZNMYBPVyGur2CGfqevojBmnBg9oTJStF0giux1gn7F+NhZoSFtuQSVpEokAIsxsSSpYRyHmd01Q+4gF3279Ta/pU4uM9trCvDUlad8xDrNEtYcrnrMjpYEn2L7zcaOt+Hs/Mw9Uc2LF5zFbUX5YvdjI6PCwAML93dgtnnV2tpLoJ+OmzgnZvoaL/T2A/cSU0rzKKrVfPYgS8HapTTUSmvttWp+dI9FNTqzCayLvvMqlyNbloC3rX8Xbc6Sxxutee1y8HGNArGnfFuA1wkxklW+uU2H5F4HjfqGgW6vluF/5ajksmIaJ3Gsz0jBP1grh6s2/85Q441Nn5R8B8JGFcTIIIMSdvlB2PQC2YE4UoJxUItffN+XASrcNVk73JY/uSpJ2zYae4n++ucUrVLlTW1mmQQl9lonDiez9pBe8mTMQQR2dUlwv9ul/Fh+dB+1iTUiM/l1evg0HwhhH2vRwEf1WE6qkDTCCBUEGCSqGSIb3DQEHAaCCBTIEggUuMIIFKjCCBSYGCyqGSIb3DQEMCgECoIIE7jCCBOowHAYKKoZIhvcNAQwBAzAOBAja65ypKci4CAICCAAEggTIhCvuT/gPw4hrK7APax/HRyrwMTjUzi1Q5j/+SiqWlHHL2NkxecashpUJE5eGxVnCPQnNze0kgz9aVOgb2yYQxPd70omnDLTQxDZqcZjgohE0upEJXKRm8Md8QA9wjVSsZRH5Zm3qCVcdH3ZqJZSfmoGBHXZzqIHTkSmAECBolh5Q8EHEv/Kk0UdbNL5LZ11QygAnn2YlTx6aI97c5yDPLOh5OqJkoK2KvSR5DeGiuoHtRWAartsfpNwDr8G/m6lsSm3HLLpV8PG593xRcH/2F+RscqLfQhm+/D8G7uSM36fwBupGG8WJEEMjQgFJOZPA3YD6N5AVzLAftKjlTEhz+UygzWcxHeOicgHFIfaAtZdXSzN95JeC/9qjxA3aAlhPjLB6XP/NL554XCYU80e3soIDelnPsFjb8s6jIsR6Kbw2Y9e6dPOEDg107jZuDwwUOeEmJjGJJpuuqxT83+ho52Q6N+G76MkaKGT4Ln4VIOldvVmcaSlLNtmqX22JGF4jb0K4VT43tPDRYgyu3ri4up4/Y4WQU2+SQxI+DWr3jw4mUJkAbF12njZUBImS0sjTf91T0+jEtlAZFjtDlZTVLt1D3iIXAM0la1hPhFCWHgfMJeyegGlapRhGpw0adqQz5vWfEo0NSfSMdC0W9Kr/5jcDcqI3l7jkC7bNeKQDUs+PIELtKpTcJys02yyxpfwoi040OX2zWmMjI3o1KPBll3CBBRJNp24mnypgFzqDwC9Px7VcsXD40IztB1ISBP7ddAy9ohpqIY1Nt585CSCYpPz5WY/I+0KV1l8S/5YTqNITHZBqYn8bYSy1l/PLZOpe2iAiYYSKtrIYWiLreQhxMjwJ0S0oQ4OLM0ZJxWuR35aoqiyn6ay9ZgpcY3tjlMTkJU/g8PrI8PlwVzLoyQd/ZPrCjs7ROzAKltgTaDwIhDqosXewFeQG/AJ4J2V1KBSKmiBYXsf4A5+zC2yKRRxqM3vEjLdVrEeQ6kDS4odKtTFDxsQyYOr8ydqLxo21EadjJDMgE+vHhhGKp+PyrPYyjEaKzVjvyg2yKxEJLguMu5TLKeq+dEqrrCTURSb2/nM+NsVFo3xVd7p2wd8w3XCs/l7T/3TKKcqmLJRmijzg+E1Uj+Jr1YcKY6f9YbO+1K0fuBHxYkdJWgUnziA+vWIY1RXGFk/brd5hI9UYDTp9Huf9bUYQvmOeHBEYrmFS0eVGeobuKIesCCEpkubLQpkkqL8aNl2xoee8XnVo/ZO0RHUnM9KYeOUcVRJdgTCDZ/XW7JJ3IAbmNKZBu8qu+OVEEWG/vOeubWPJgE2jDErODZj9BJbLksToeJvsj185+DVFuvt8w4IE343st1kw+58uyQukVBCyj3QKLXFNYCIgtiRhBu9O82YsVsNpz+0YjXPbQN8mbKWi/Bft0rP8zJfwJwIOqRMpJoYYyotdO8Xl0mpmewfgbMuXEVDvC5Kb3SsGW6avPpLkt2zzYRa+EcX30hjS8Y0ordUXLsrfsvhmasF+X+9YfjvThZQhpt/4Z5vGugwEJkz+BkzST+JsQhCekMZb8NiSqHEwSgGWnZh5SJVnGut2yJutgcVOU9zec1k85whm7wP6SnIa8rbV0+d20eHwg98701X0MSUwIwYJKoZIhvcNAQkVMRYEFPoaiUV6hvnRT1jW7qXVHo2fqlpgMDkwITAJBgUrDgMCGgUABBQPFGjwEgubVkIkiAwR/qNkNCoOuwQQNIPJBuJopEP3GPpR8ttnQwICCAA=",
            "secret_id": "arn:aws:secretsmanager:us-east-1:238700389543:secret:sri/certificacion/certificado-p12-rVQysL",
            "secret_string": "",
            "secret_string_wo": null,
            "secret_string_wo_version": null,
            "version_id": "terraform-20260701183124311600000003",
            "version_stages": [
              "AWSCURRENT"
            ]
          },
          "sensitive_attributes": [
            [
              {
                "type": "get_attr",
                "value": "secret_binary"
              }
            ],
            [
              {
                "type": "get_attr",
                "value": "secret_string"
              }
            ],
            [
              {
                "type": "get_attr",
                "value": "secret_string_wo"
              }
            ]
          ],
          "identity_schema_version": 0,
          "private": "bnVsbA==",
          "dependencies": [
            "aws_kms_key.sri_secrets",
            "aws_secretsmanager_secret.certificado_p12"
          ]
        }
      ]
    },
    {
      "mode": "managed",
      "type": "aws_secretsmanager_secret_version",
      "name": "certificado_password",
      "provider": "provider[\"registry.terraform.io/hashicorp/aws\"]",
      "instances": [
        {
          "schema_version": 0,
          "attributes": {
            "arn": "arn:aws:secretsmanager:us-east-1:238700389543:secret:sri/certificacion/certificado-password-jXcb9O",
            "has_secret_string_wo": null,
            "id": "arn:aws:secretsmanager:us-east-1:238700389543:secret:sri/certificacion/certificado-password-jXcb9O|terraform-20260701183124311700000004",
            "secret_binary": "",
            "secret_id": "arn:aws:secretsmanager:us-east-1:238700389543:secret:sri/certificacion/certificado-password-jXcb9O",
            "secret_string": "{\"password\":\"Kuara25Funci\"}",
            "secret_string_wo": null,
            "secret_string_wo_version": null,
            "version_id": "terraform-20260701183124311700000004",
            "version_stages": [
              "AWSCURRENT"
            ]
          },
          "sensitive_attributes": [
            [
              {
                "type": "get_attr",
                "value": "secret_binary"
              }
            ],
            [
              {
                "type": "get_attr",
                "value": "secret_string"
              }
            ],
            [
              {
                "type": "get_attr",
                "value": "secret_string_wo"
              }
            ]
          ],
          "identity_schema_version": 0,
          "private": "bnVsbA==",
          "dependencies": [
            "aws_kms_key.sri_secrets",
            "aws_secretsmanager_secret.certificado_password"
          ]
        }
      ]
    }
  ],
  "check_results": null
}
